
Microsoft Visual Studio Solution File, Format Version 12.00
# Visual Studio Version 17
VisualStudioVersion = 17.7.34003.232
MinimumVisualStudioVersion = 10.0.40219.1
Project("{FAE04EC0-301F-11D3-BF4B-00C04F79EFBC}") = "Conditionals_Taylor_Felicity", "Conditionals_Taylor_Felicity.csproj", "{110F919C-12D5-429D-B679-138042A16C44}"
EndProject
Global
	GlobalSection(SolutionConfigurationPlatforms) = preSolution
		Debug|Any CPU = Debug|Any CPU
		Release|Any CPU = Release|Any CPU
	EndGlobalSection
	GlobalSection(ProjectConfigurationPlatforms) = postSolution
		{110F919C-12D5-429D-B679-138042A16C44}.Debug|Any CPU.ActiveCfg = Debug|Any CPU
		{110F919C-12D5-429D-B679-138042A16C44}.Debug|Any CPU.Build.0 = Debug|Any CPU
		{110F919C-12D5-429D-B679-138042A16C44}.Release|Any CPU.ActiveCfg = Release|Any CPU
		{110F919C-12D5-429D-B679-138042A16C44}.Release|Any CPU.Build.0 = Release|Any CPU
	EndGlobalSection
	GlobalSection(SolutionProperties) = preSolution
		HideSolutionNode = FALSE
	EndGlobalSection
	GlobalSection(ExtensibilityGlobals) = postSolution
		SolutionGuid = {AFD57BCC-8367-4DF3-A4F9-B9DC337FFA99}
	EndGlobalSection
EndGlobal
