
Microsoft Visual Studio Solution File, Format Version 12.00
# Visual Studio Version 17
VisualStudioVersion = 17.7.34003.232
MinimumVisualStudioVersion = 10.0.40219.1
Project("{FAE04EC0-301F-11D3-BF4B-00C04F79EFBC}") = "Operators_Taylor_Felicity", "Operators_Taylor_Felicity.csproj", "{9A10F4F2-BC44-4D66-9D78-ABC863F0870A}"
EndProject
Global
	GlobalSection(SolutionConfigurationPlatforms) = preSolution
		Debug|Any CPU = Debug|Any CPU
		Release|Any CPU = Release|Any CPU
	EndGlobalSection
	GlobalSection(ProjectConfigurationPlatforms) = postSolution
		{9A10F4F2-BC44-4D66-9D78-ABC863F0870A}.Debug|Any CPU.ActiveCfg = Debug|Any CPU
		{9A10F4F2-BC44-4D66-9D78-ABC863F0870A}.Debug|Any CPU.Build.0 = Debug|Any CPU
		{9A10F4F2-BC44-4D66-9D78-ABC863F0870A}.Release|Any CPU.ActiveCfg = Release|Any CPU
		{9A10F4F2-BC44-4D66-9D78-ABC863F0870A}.Release|Any CPU.Build.0 = Release|Any CPU
	EndGlobalSection
	GlobalSection(SolutionProperties) = preSolution
		HideSolutionNode = FALSE
	EndGlobalSection
	GlobalSection(ExtensibilityGlobals) = postSolution
		SolutionGuid = {1458293E-D8F8-4C71-8086-F5BA4D53B98E}
	EndGlobalSection
EndGlobal
