
Microsoft Visual Studio Solution File, Format Version 12.00
# Visual Studio Version 17
VisualStudioVersion = 17.7.34003.232
MinimumVisualStudioVersion = 10.0.40219.1
Project("{FAE04EC0-301F-11D3-BF4B-00C04F79EFBC}") = "HelloWorld_Taylor_Felicity", "HelloWorld_Taylor_Felicity\HelloWorld_Taylor_Felicity.csproj", "{BFBD6673-2426-430A-8545-CA8E2AF583E8}"
EndProject
Global
	GlobalSection(SolutionConfigurationPlatforms) = preSolution
		Debug|Any CPU = Debug|Any CPU
		Release|Any CPU = Release|Any CPU
	EndGlobalSection
	GlobalSection(ProjectConfigurationPlatforms) = postSolution
		{BFBD6673-2426-430A-8545-CA8E2AF583E8}.Debug|Any CPU.ActiveCfg = Debug|Any CPU
		{BFBD6673-2426-430A-8545-CA8E2AF583E8}.Debug|Any CPU.Build.0 = Debug|Any CPU
		{BFBD6673-2426-430A-8545-CA8E2AF583E8}.Release|Any CPU.ActiveCfg = Release|Any CPU
		{BFBD6673-2426-430A-8545-CA8E2AF583E8}.Release|Any CPU.Build.0 = Release|Any CPU
	EndGlobalSection
	GlobalSection(SolutionProperties) = preSolution
		HideSolutionNode = FALSE
	EndGlobalSection
	GlobalSection(ExtensibilityGlobals) = postSolution
		SolutionGuid = {1ED9BB1F-CBDD-4225-AAA0-AA63F7A40DD5}
	EndGlobalSection
EndGlobal
